// !$*UTF8*$!
{
	archiveVersion = 1;
	classes = {
	};
	objectVersion = 48;
	objects = {

/* Begin PBXBuildFile section */
		EB03085824093BE300AA8301 /* TwoImagesViewController.swift in Sources */ = {isa = PBXBuildFile; fileRef = EB03085724093BE300AA8301 /* TwoImagesViewController.swift */; };
		EB03085A24093BF400AA8301 /* TwoImagesWindowController.swift in Sources */ = {isa = PBXBuildFile; fileRef = EB03085924093BF400AA8301 /* TwoImagesWindowController.swift */; };
		EB14505C2409386E00626F79 /* ImageWindowController.swift in Sources */ = {isa = PBXBuildFile; fileRef = EB14505B2409386E00626F79 /* ImageWindowController.swift */; };
		EB8A8EE624081532005735D2 /* AppDelegate.swift in Sources */ = {isa = PBXBuildFile; fileRef = EB8A8EE524081532005735D2 /* AppDelegate.swift */; };
		EB8A8EE824081532005735D2 /* ViewController.swift in Sources */ = {isa = PBXBuildFile; fileRef = EB8A8EE724081532005735D2 /* ViewController.swift */; };
		EB8A8EEA24081534005735D2 /* Assets.xcassets in Resources */ = {isa = PBXBuildFile; fileRef = EB8A8EE924081534005735D2 /* Assets.xcassets */; };
		EB8A8EED24081534005735D2 /* Main.storyboard in Resources */ = {isa = PBXBuildFile; fileRef = EB8A8EEB24081534005735D2 /* Main.storyboard */; };
		EB8A8EF824081EB0005735D2 /* CenteringClipView.swift in Sources */ = {isa = PBXBuildFile; fileRef = EB8A8EF724081EAF005735D2 /* CenteringClipView.swift */; };
		EB8A8EFA24081EC2005735D2 /* ImageViewController.swift in Sources */ = {isa = PBXBuildFile; fileRef = EB8A8EF924081EC2005735D2 /* ImageViewController.swift */; };
/* End PBXBuildFile section */

/* Begin PBXFileReference section */
		EB03085724093BE300AA8301 /* TwoImagesViewController.swift */ = {isa = PBXFileReference; lastKnownFileType = sourcecode.swift; path = TwoImagesViewController.swift; sourceTree = "<group>"; };
		EB03085924093BF400AA8301 /* TwoImagesWindowController.swift */ = {isa = PBXFileReference; lastKnownFileType = sourcecode.swift; path = TwoImagesWindowController.swift; sourceTree = "<group>"; };
		EB14505B2409386E00626F79 /* ImageWindowController.swift */ = {isa = PBXFileReference; lastKnownFileType = sourcecode.swift; path = ImageWindowController.swift; sourceTree = "<group>"; };
		EB8A8EE224081532005735D2 /* FastViewer.app */ = {isa = PBXFileReference; explicitFileType = wrapper.application; includeInIndex = 0; path = FastViewer.app; sourceTree = BUILT_PRODUCTS_DIR; };
		EB8A8EE524081532005735D2 /* AppDelegate.swift */ = {isa = PBXFileReference; lastKnownFileType = sourcecode.swift; path = AppDelegate.swift; sourceTree = "<group>"; };
		EB8A8EE724081532005735D2 /* ViewController.swift */ = {isa = PBXFileReference; lastKnownFileType = sourcecode.swift; path = ViewController.swift; sourceTree = "<group>"; };
		EB8A8EE924081534005735D2 /* Assets.xcassets */ = {isa = PBXFileReference; lastKnownFileType = folder.assetcatalog; path = Assets.xcassets; sourceTree = "<group>"; };
		EB8A8EEC24081534005735D2 /* Base */ = {isa = PBXFileReference; lastKnownFileType = file.storyboard; name = Base; path = Base.lproj/Main.storyboard; sourceTree = "<group>"; };
		EB8A8EEE24081534005735D2 /* Info.plist */ = {isa = PBXFileReference; lastKnownFileType = text.plist.xml; path = Info.plist; sourceTree = "<group>"; };
		EB8A8EEF24081534005735D2 /* FastViewer.entitlements */ = {isa = PBXFileReference; lastKnownFileType = text.plist.entitlements; path = FastViewer.entitlements; sourceTree = "<group>"; };
		EB8A8EF724081EAF005735D2 /* CenteringClipView.swift */ = {isa = PBXFileReference; fileEncoding = 4; lastKnownFileType = sourcecode.swift; path = CenteringClipView.swift; sourceTree = "<group>"; };
		EB8A8EF924081EC2005735D2 /* ImageViewController.swift */ = {isa = PBXFileReference; lastKnownFileType = sourcecode.swift; path = ImageViewController.swift; sourceTree = "<group>"; };
/* End PBXFileReference section */

/* Begin PBXFrameworksBuildPhase section */
		EB8A8EDF24081532005735D2 /* Frameworks */ = {
			isa = PBXFrameworksBuildPhase;
			buildActionMask = 2147483647;
			files = (
			);
			runOnlyForDeploymentPostprocessing = 0;
		};
/* End PBXFrameworksBuildPhase section */

/* Begin PBXGroup section */
		EB8A8ED924081532005735D2 = {
			isa = PBXGroup;
			children = (
				EB8A8EE424081532005735D2 /* FastViewer */,
				EB8A8EE324081532005735D2 /* Products */,
			);
			sourceTree = "<group>";
		};
		EB8A8EE324081532005735D2 /* Products */ = {
			isa = PBXGroup;
			children = (
				EB8A8EE224081532005735D2 /* FastViewer.app */,
			);
			name = Products;
			sourceTree = "<group>";
		};
		EB8A8EE424081532005735D2 /* FastViewer */ = {
			isa = PBXGroup;
			children = (
				EB8A8EE524081532005735D2 /* AppDelegate.swift */,
				EB8A8EE924081534005735D2 /* Assets.xcassets */,
				EB8A8EF724081EAF005735D2 /* CenteringClipView.swift */,
				EB8A8EEF24081534005735D2 /* FastViewer.entitlements */,
				EB8A8EF924081EC2005735D2 /* ImageViewController.swift */,
				EB14505B2409386E00626F79 /* ImageWindowController.swift */,
				EB8A8EEE24081534005735D2 /* Info.plist */,
				EB8A8EEB24081534005735D2 /* Main.storyboard */,
				EB03085724093BE300AA8301 /* TwoImagesViewController.swift */,
				EB03085924093BF400AA8301 /* TwoImagesWindowController.swift */,
				EB8A8EE724081532005735D2 /* ViewController.swift */,
			);
			path = FastViewer;
			sourceTree = "<group>";
		};
/* End PBXGroup section */

/* Begin PBXNativeTarget section */
		EB8A8EE124081532005735D2 /* FastViewer */ = {
			isa = PBXNativeTarget;
			buildConfigurationList = EB8A8EF224081534005735D2 /* Build configuration list for PBXNativeTarget "FastViewer" */;
			buildPhases = (
				EB8A8EDE24081532005735D2 /* Sources */,
				EB8A8EDF24081532005735D2 /* Frameworks */,
				EB8A8EE024081532005735D2 /* Resources */,
			);
			buildRules = (
			);
			dependencies = (
			);
			name = FastViewer;
			productName = FastViewer;
			productReference = EB8A8EE224081532005735D2 /* FastViewer.app */;
			productType = "com.apple.product-type.application";
		};
/* End PBXNativeTarget section */

/* Begin PBXProject section */
		EB8A8EDA24081532005735D2 /* Project object */ = {
			isa = PBXProject;
			attributes = {
				LastSwiftUpdateCheck = 1130;
				LastUpgradeCheck = 1130;
				ORGANIZATIONNAME = chenmingjin;
				TargetAttributes = {
					EB8A8EE124081532005735D2 = {
						CreatedOnToolsVersion = 11.3;
						ProvisioningStyle = Automatic;
					};
				};
			};
			buildConfigurationList = EB8A8EDD24081532005735D2 /* Build configuration list for PBXProject "FastViewer" */;
			compatibilityVersion = "Xcode 8.0";
			developmentRegion = en;
			hasScannedForEncodings = 0;
			knownRegions = (
				en,
				Base,
			);
			mainGroup = EB8A8ED924081532005735D2;
			productRefGroup = EB8A8EE324081532005735D2 /* Products */;
			projectDirPath = "";
			projectRoot = "";
			targets = (
				EB8A8EE124081532005735D2 /* FastViewer */,
			);
		};
/* End PBXProject section */

/* Begin PBXResourcesBuildPhase section */
		EB8A8EE024081532005735D2 /* Resources */ = {
			isa = PBXResourcesBuildPhase;
			buildActionMask = 2147483647;
			files = (
				EB8A8EEA24081534005735D2 /* Assets.xcassets in Resources */,
				EB8A8EED24081534005735D2 /* Main.storyboard in Resources */,
			);
			runOnlyForDeploymentPostprocessing = 0;
		};
/* End PBXResourcesBuildPhase section */

/* Begin PBXSourcesBuildPhase section */
		EB8A8EDE24081532005735D2 /* Sources */ = {
			isa = PBXSourcesBuildPhase;
			buildActionMask = 2147483647;
			files = (
				EB8A8EE824081532005735D2 /* ViewController.swift in Sources */,
				EB8A8EE624081532005735D2 /* AppDelegate.swift in Sources */,
				EB14505C2409386E00626F79 /* ImageWindowController.swift in Sources */,
				EB8A8EFA24081EC2005735D2 /* ImageViewController.swift in Sources */,
				EB8A8EF824081EB0005735D2 /* CenteringClipView.swift in Sources */,
				EB03085A24093BF400AA8301 /* TwoImagesWindowController.swift in Sources */,
				EB03085824093BE300AA8301 /* TwoImagesViewController.swift in Sources */,
			);
			runOnlyForDeploymentPostprocessing = 0;
		};
/* End PBXSourcesBuildPhase section */

/* Begin PBXVariantGroup section */
		EB8A8EEB24081534005735D2 /* Main.storyboard */ = {
			isa = PBXVariantGroup;
			children = (
				EB8A8EEC24081534005735D2 /* Base */,
			);
			name = Main.storyboard;
			sourceTree = "<group>";
		};
/* End PBXVariantGroup section */

/* Begin XCBuildConfiguration section */
		EB8A8EF024081534005735D2 /* Debug */ = {
			isa = XCBuildConfiguration;
			buildSettings = {
				ALWAYS_SEARCH_USER_PATHS = NO;
				CLANG_ANALYZER_NONNULL = YES;
				CLANG_ANALYZER_NUMBER_OBJECT_CONVERSION = YES_AGGRESSIVE;
				CLANG_CXX_LANGUAGE_STANDARD = "gnu++14";
				CLANG_CXX_LIBRARY = "libc++";
				CLANG_ENABLE_MODULES = YES;
				CLANG_ENABLE_OBJC_ARC = YES;
				CLANG_ENABLE_OBJC_WEAK = YES;
				CLANG_WARN_BLOCK_CAPTURE_AUTORELEASING = YES;
				CLANG_WARN_BOOL_CONVERSION = YES;
				CLANG_WARN_COMMA = YES;
				CLANG_WARN_CONSTANT_CONVERSION = YES;
				CLANG_WARN_DEPRECATED_OBJC_IMPLEMENTATIONS = YES;
				CLANG_WARN_DIRECT_OBJC_ISA_USAGE = YES_ERROR;
				CLANG_WARN_DOCUMENTATION_COMMENTS = YES;
				CLANG_WARN_EMPTY_BODY = YES;
				CLANG_WARN_ENUM_CONVERSION = YES;
				CLANG_WARN_INFINITE_RECURSION = YES;
				CLANG_WARN_INT_CONVERSION = YES;
				CLANG_WARN_NON_LITERAL_NULL_CONVERSION = YES;
				CLANG_WARN_OBJC_IMPLICIT_RETAIN_SELF = YES;
				CLANG_WARN_OBJC_LITERAL_CONVERSION = YES;
				CLANG_WARN_OBJC_ROOT_CLASS = YES_ERROR;
				CLANG_WARN_RANGE_LOOP_ANALYSIS = YES;
				CLANG_WARN_STRICT_PROTOTYPES = YES;
				CLANG_WARN_SUSPICIOUS_MOVE = YES;
				CLANG_WARN_UNGUARDED_AVAILABILITY = YES_AGGRESSIVE;
				CLANG_WARN_UNREACHABLE_CODE = YES;
				CLANG_WARN__DUPLICATE_METHOD_MATCH = YES;
				COPY_PHASE_STRIP = NO;
				DEBUG_INFORMATION_FORMAT = dwarf;
				ENABLE_STRICT_OBJC_MSGSEND = YES;
				ENABLE_TESTABILITY = YES;
				GCC_C_LANGUAGE_STANDARD = gnu11;
				GCC_DYNAMIC_NO_PIC = NO;
				GCC_NO_COMMON_BLOCKS = YES;
				GCC_OPTIMIZATION_LEVEL = 0;
				GCC_PREPROCESSOR_DEFINITIONS = (
					"DEBUG=1",
					"$(inherited)",
				);
				GCC_WARN_64_TO_32_BIT_CONVERSION = YES;
				GCC_WARN_ABOUT_RETURN_TYPE = YES_ERROR;
				GCC_WARN_UNDECLARED_SELECTOR = YES;
				GCC_WARN_UNINITIALIZED_AUTOS = YES_AGGRESSIVE;
				GCC_WARN_UNUSED_FUNCTION = YES;
				GCC_WARN_UNUSED_VARIABLE = YES;
				MACOSX_DEPLOYMENT_TARGET = 10.10;
				MTL_ENABLE_DEBUG_INFO = INCLUDE_SOURCE;
				MTL_FAST_MATH = YES;
				ONLY_ACTIVE_ARCH = YES;
				SDKROOT = macosx;
				SWIFT_ACTIVE_COMPILATION_CONDITIONS = DEBUG;
				SWIFT_OPTIMIZATION_LEVEL = "-Onone";
			};
			name = Debug;
		};
		EB8A8EF124081534005735D2 /* Release */ = {
			isa = XCBuildConfiguration;
			buildSettings = {
				ALWAYS_SEARCH_USER_PATHS = NO;
				CLANG_ANALYZER_NONNULL = YES;
				CLANG_ANALYZER_NUMBER_OBJECT_CONVERSION = YES_AGGRESSIVE;
				CLANG_CXX_LANGUAGE_STANDARD = "gnu++14";
				CLANG_CXX_LIBRARY = "libc++";
				CLANG_ENABLE_MODULES = YES;
				CLANG_ENABLE_OBJC_ARC = YES;
				CLANG_ENABLE_OBJC_WEAK = YES;
				CLANG_WARN_BLOCK_CAPTURE_AUTORELEASING = YES;
				CLANG_WARN_BOOL_CONVERSION = YES;
				CLANG_WARN_COMMA = YES;
				CLANG_WARN_CONSTANT_CONVERSION = YES;
				CLANG_WARN_DEPRECATED_OBJC_IMPLEMENTATIONS = YES;
				CLANG_WARN_DIRECT_OBJC_ISA_USAGE = YES_ERROR;
				CLANG_WARN_DOCUMENTATION_COMMENTS = YES;
				CLANG_WARN_EMPTY_BODY = YES;
				CLANG_WARN_ENUM_CONVERSION = YES;
				CLANG_WARN_INFINITE_RECURSION = YES;
				CLANG_WARN_INT_CONVERSION = YES;
				CLANG_WARN_NON_LITERAL_NULL_CONVERSION = YES;
				CLANG_WARN_OBJC_IMPLICIT_RETAIN_SELF = YES;
				CLANG_WARN_OBJC_LITERAL_CONVERSION = YES;
				CLANG_WARN_OBJC_ROOT_CLASS = YES_ERROR;
				CLANG_WARN_RANGE_LOOP_ANALYSIS = YES;
				CLANG_WARN_STRICT_PROTOTYPES = YES;
				CLANG_WARN_SUSPICIOUS_MOVE = YES;
				CLANG_WARN_UNGUARDED_AVAILABILITY = YES_AGGRESSIVE;
				CLANG_WARN_UNREACHABLE_CODE = YES;
				CLANG_WARN__DUPLICATE_METHOD_MATCH = YES;
				COPY_PHASE_STRIP = NO;
				DEBUG_INFORMATION_FORMAT = "dwarf-with-dsym";
				ENABLE_NS_ASSERTIONS = NO;
				ENABLE_STRICT_OBJC_MSGSEND = YES;
				GCC_C_LANGUAGE_STANDARD = gnu11;
				GCC_NO_COMMON_BLOCKS = YES;
				GCC_WARN_64_TO_32_BIT_CONVERSION = YES;
				GCC_WARN_ABOUT_RETURN_TYPE = YES_ERROR;
				GCC_WARN_UNDECLARED_SELECTOR = YES;
				GCC_WARN_UNINITIALIZED_AUTOS = YES_AGGRESSIVE;
				GCC_WARN_UNUSED_FUNCTION = YES;
				GCC_WARN_UNUSED_VARIABLE = YES;
				MACOSX_DEPLOYMENT_TARGET = 10.10;
				MTL_ENABLE_DEBUG_INFO = NO;
				MTL_FAST_MATH = YES;
				SDKROOT = macosx;
				SWIFT_OPTIMIZATION_LEVEL = "-Owholemodule";
			};
			name = Release;
		};
		EB8A8EF324081534005735D2 /* Debug */ = {
			isa = XCBuildConfiguration;
			buildSettings = {
				ASSETCATALOG_COMPILER_APPICON_NAME = AppIcon;
				CODE_SIGN_ENTITLEMENTS = FastViewer/FastViewer.entitlements;
				CODE_SIGN_STYLE = Automatic;
				COMBINE_HIDPI_IMAGES = YES;
				DEVELOPMENT_TEAM = 5Q3FYG3A7P;
				ENABLE_HARDENED_RUNTIME = YES;
				INFOPLIST_FILE = FastViewer/Info.plist;
				LD_RUNPATH_SEARCH_PATHS = "$(inherited) @executable_path/../Frameworks";
				PRODUCT_BUNDLE_IDENTIFIER = none.FastViewer;
				PRODUCT_NAME = "$(TARGET_NAME)";
				SWIFT_VERSION = 5.0;
			};
			name = Debug;
		};
		EB8A8EF424081534005735D2 /* Release */ = {
			isa = XCBuildConfiguration;
			buildSettings = {
				ASSETCATALOG_COMPILER_APPICON_NAME = AppIcon;
				CODE_SIGN_ENTITLEMENTS = FastViewer/FastViewer.entitlements;
				CODE_SIGN_STYLE = Automatic;
				COMBINE_HIDPI_IMAGES = YES;
				DEVELOPMENT_TEAM = 5Q3FYG3A7P;
				ENABLE_HARDENED_RUNTIME = YES;
				INFOPLIST_FILE = FastViewer/Info.plist;
				LD_RUNPATH_SEARCH_PATHS = "$(inherited) @executable_path/../Frameworks";
				PRODUCT_BUNDLE_IDENTIFIER = none.FastViewer;
				PRODUCT_NAME = "$(TARGET_NAME)";
				SWIFT_VERSION = 5.0;
			};
			name = Release;
		};
/* End XCBuildConfiguration section */

/* Begin XCConfigurationList section */
		EB8A8EDD24081532005735D2 /* Build configuration list for PBXProject "FastViewer" */ = {
			isa = XCConfigurationList;
			buildConfigurations = (
				EB8A8EF024081534005735D2 /* Debug */,
				EB8A8EF124081534005735D2 /* Release */,
			);
			defaultConfigurationIsVisible = 0;
			defaultConfigurationName = Release;
		};
		EB8A8EF224081534005735D2 /* Build configuration list for PBXNativeTarget "FastViewer" */ = {
			isa = XCConfigurationList;
			buildConfigurations = (
				EB8A8EF324081534005735D2 /* Debug */,
				EB8A8EF424081534005735D2 /* Release */,
			);
			defaultConfigurationIsVisible = 0;
			defaultConfigurationName = Release;
		};
/* End XCConfigurationList section */
	};
	rootObject = EB8A8EDA24081532005735D2 /* Project object */;
}
